
Microsoft Visual Studio Solution File, Format Version 12.00
# Visual Studio Version 17
VisualStudioVersion = 17.4.33403.182
MinimumVisualStudioVersion = 10.0.40219.1
Project("{FAE04EC0-301F-11D3-BF4B-00C04F79EFBC}") = "Module16", "Module16\Module16.csproj", "{983462EB-4025-4999-92EB-418A6E1004BD}"
EndProject
Project("{FAE04EC0-301F-11D3-BF4B-00C04F79EFBC}") = "Module16.Tests", "Module16.Tests\Module16.Tests.csproj", "{9C1C8C8C-702A-477C-8B41-936BBC2AAEBE}"
EndProject
Global
	GlobalSection(SolutionConfigurationPlatforms) = preSolution
		Debug|Any CPU = Debug|Any CPU
		Release|Any CPU = Release|Any CPU
	EndGlobalSection
	GlobalSection(ProjectConfigurationPlatforms) = postSolution
		{983462EB-4025-4999-92EB-418A6E1004BD}.Debug|Any CPU.ActiveCfg = Debug|Any CPU
		{983462EB-4025-4999-92EB-418A6E1004BD}.Debug|Any CPU.Build.0 = Debug|Any CPU
		{983462EB-4025-4999-92EB-418A6E1004BD}.Release|Any CPU.ActiveCfg = Release|Any CPU
		{983462EB-4025-4999-92EB-418A6E1004BD}.Release|Any CPU.Build.0 = Release|Any CPU
		{9C1C8C8C-702A-477C-8B41-936BBC2AAEBE}.Debug|Any CPU.ActiveCfg = Debug|Any CPU
		{9C1C8C8C-702A-477C-8B41-936BBC2AAEBE}.Debug|Any CPU.Build.0 = Debug|Any CPU
		{9C1C8C8C-702A-477C-8B41-936BBC2AAEBE}.Release|Any CPU.ActiveCfg = Release|Any CPU
		{9C1C8C8C-702A-477C-8B41-936BBC2AAEBE}.Release|Any CPU.Build.0 = Release|Any CPU
	EndGlobalSection
	GlobalSection(SolutionProperties) = preSolution
		HideSolutionNode = FALSE
	EndGlobalSection
	GlobalSection(ExtensibilityGlobals) = postSolution
		SolutionGuid = {F5AFB4D7-8B43-4D16-B407-14384E1405D7}
	EndGlobalSection
EndGlobal
